<?xml version="1.0" encoding="utf-8"?>
<Project ToolsVersion="4.0" xmlns="http://schemas.microsoft.com/developer/msbuild/2003">
  <ItemGroup>
    <Filter Include="Resource Files">
      <UniqueIdentifier>{67DA6AB6-F800-4c08-8B7A-83BB121AAD01}</UniqueIdentifier>
      <Extensions>rc;ico;cur;bmp;dlg;rc2;rct;bin;rgs;gif;jpg;jpeg;jpe;resx;tiff;tif;png;wav;mfcribbon-ms</Extensions>
    </Filter>
    <Filter Include="API">
      <UniqueIdentifier>{ba3fcdae-ade6-482b-b5dc-b45b62e7c0e2}</UniqueIdentifier>
    </Filter>
  </ItemGroup>
  <ItemGroup>
    <Midl Include="DMBridgeInterface.idl" />
    <Midl Include="NTServiceInterface.idl">
      <Filter>API</Filter>
    </Midl>
    <Midl Include="ComputerNameInterface.idl">
      <Filter>API</Filter>
    </Midl>
    <Midl Include="TelemetryInterface.idl">
      <Filter>API</Filter>
    </Midl>
  </ItemGroup>
  <ItemGroup>
    <ClInclude Include="RpcConstants.h" />
  </ItemGroup>
</Project>