<?xml version="1.0" encoding="utf-8"?>
<Project ToolsVersion="15.0" xmlns="http://schemas.microsoft.com/developer/msbuild/2003">
  <ItemGroup>
    <Filter Include="Common">
      <UniqueIdentifier>46ea3b8c-40f1-45c8-96f8-6545704d2645</UniqueIdentifier>
    </Filter>
    <Filter Include="Assets">
      <UniqueIdentifier>c74f7fe7-4038-4557-83d4-e7afc2e2756c</UniqueIdentifier>
      <Extensions>bmp;fbx;gif;jpg;jpeg;tga;tiff;tif;png</Extensions>
    </Filter>
    <Filter Include="QR-Code-generator">
      <UniqueIdentifier>{564648fe-2493-4f73-ab09-dd4c5d3aa36c}</UniqueIdentifier>
    </Filter>
  </ItemGroup>
  <ItemGroup>
    <ApplicationDefinition Include="App.xaml" />
  </ItemGroup>
  <ItemGroup>
    <ClCompile Include="App.xaml.cpp" />
    <ClCompile Include="MainPage.xaml.cpp" />
    <ClCompile Include="pch.cpp" />
    <ClCompile Include="..\..\deps\QR-Code-generator\cpp\BitBuffer.cpp">
      <Filter>QR-Code-generator</Filter>
    </ClCompile>
    <ClCompile Include="..\..\deps\QR-Code-generator\cpp\QrCode.cpp">
      <Filter>QR-Code-generator</Filter>
    </ClCompile>
    <ClCompile Include="..\..\deps\QR-Code-generator\cpp\QrCodeGeneratorWorker.cpp">
      <Filter>QR-Code-generator</Filter>
    </ClCompile>
    <ClCompile Include="..\..\deps\QR-Code-generator\cpp\QrSegment.cpp">
      <Filter>QR-Code-generator</Filter>
    </ClCompile>
  </ItemGroup>
  <ItemGroup>
    <ClInclude Include="pch.h" />
    <ClInclude Include="App.xaml.h" />
    <ClInclude Include="MainPage.xaml.h" />
    <ClInclude Include="..\..\deps\QR-Code-generator\cpp\BitBuffer.hpp">
      <Filter>QR-Code-generator</Filter>
    </ClInclude>
    <ClInclude Include="..\..\deps\QR-Code-generator\cpp\QrCode.hpp">
      <Filter>QR-Code-generator</Filter>
    </ClInclude>
    <ClInclude Include="..\..\deps\QR-Code-generator\cpp\QrSegment.hpp">
      <Filter>QR-Code-generator</Filter>
    </ClInclude>
  </ItemGroup>
  <ItemGroup>
    <Image Include="Assets\LockScreenLogo.scale-200.png">
      <Filter>Assets</Filter>
    </Image>
    <Image Include="Assets\SplashScreen.scale-200.png">
      <Filter>Assets</Filter>
    </Image>
    <Image Include="Assets\Square150x150Logo.scale-200.png">
      <Filter>Assets</Filter>
    </Image>
    <Image Include="Assets\Square44x44Logo.scale-200.png">
      <Filter>Assets</Filter>
    </Image>
    <Image Include="Assets\Square44x44Logo.targetsize-24_altform-unplated.png">
      <Filter>Assets</Filter>
    </Image>
    <Image Include="Assets\StoreLogo.png">
      <Filter>Assets</Filter>
    </Image>
    <Image Include="Assets\Wide310x150Logo.scale-200.png">
      <Filter>Assets</Filter>
    </Image>
  </ItemGroup>
  <ItemGroup>
    <AppxManifest Include="Package.appxmanifest" />
  </ItemGroup>
  <ItemGroup>
    <None Include="e2e.cpp.demo_TemporaryKey.pfx" />
  </ItemGroup>
  <ItemGroup>
    <Page Include="MainPage.xaml" />
  </ItemGroup>
</Project>