<?xml version="1.0" encoding="utf-8"?>
<Project ToolsVersion="4.0" xmlns="http://schemas.microsoft.com/developer/msbuild/2003">
  <ItemGroup>
    <Filter Include="Source Files">
      <UniqueIdentifier>{4FC737F1-C7A5-4376-A066-2A32D752A2FF}</UniqueIdentifier>
      <Extensions>cpp;c;cc;cxx;def;odl;idl;hpj;bat;asm;asmx</Extensions>
    </Filter>
    <Filter Include="Header Files">
      <UniqueIdentifier>{93995380-89BD-4b04-88EB-625FBE52EBFB}</UniqueIdentifier>
      <Extensions>h;hh;hpp;hxx;hm;inl;inc;ipp;xsd</Extensions>
    </Filter>
    <Filter Include="Resource Files">
      <UniqueIdentifier>{67DA6AB6-F800-4c08-8B7A-83BB121AAD01}</UniqueIdentifier>
      <Extensions>rc;ico;cur;bmp;dlg;rc2;rct;bin;rgs;gif;jpg;jpeg;jpe;resx;tiff;tif;png;wav;mfcribbon-ms</Extensions>
    </Filter>
    <Filter Include="Source Files\API">
      <UniqueIdentifier>{5450f157-6a74-4953-a18b-6cd538ab2a2c}</UniqueIdentifier>
    </Filter>
    <Filter Include="Header Files\API">
      <UniqueIdentifier>{e4cae2d6-4ca8-4a7a-9f1c-cbc875b671df}</UniqueIdentifier>
    </Filter>
    <Filter Include="Header Files\Config">
      <UniqueIdentifier>{b88193f2-159d-491a-8cc7-e1f2d67ef19a}</UniqueIdentifier>
    </Filter>
    <Filter Include="Source Files\Config">
      <UniqueIdentifier>{bfdf66fe-7b73-46db-9351-76423e52b918}</UniqueIdentifier>
    </Filter>
    <Filter Include="Header Files\Config\API">
      <UniqueIdentifier>{6f925ad6-91df-48c9-92de-0c00b0bbc393}</UniqueIdentifier>
    </Filter>
    <Filter Include="Source Files\Config\API">
      <UniqueIdentifier>{3f0d9097-9d77-415c-b98a-c53fa2e06532}</UniqueIdentifier>
    </Filter>
  </ItemGroup>
  <ItemGroup>
    <ClInclude Include="stdafx.h">
      <Filter>Header Files</Filter>
    </ClInclude>
    <ClInclude Include="targetver.h">
      <Filter>Header Files</Filter>
    </ClInclude>
    <ClInclude Include="DMBridgeService.h">
      <Filter>Header Files</Filter>
    </ClInclude>
    <ClInclude Include="DMBridgeServer.h">
      <Filter>Header Files</Filter>
    </ClInclude>
    <ClInclude Include="ComputerName.h">
      <Filter>Header Files\API</Filter>
    </ClInclude>
    <ClInclude Include="NTService.h">
      <Filter>Header Files\API</Filter>
    </ClInclude>
    <ClInclude Include="DMBridgeConfig.h">
      <Filter>Header Files\Config</Filter>
    </ClInclude>
    <ClInclude Include="NTServiceConfig.h">
      <Filter>Header Files\Config\API</Filter>
    </ClInclude>
    <ClInclude Include="IConfig.h">
      <Filter>Header Files\Config</Filter>
    </ClInclude>
    <ClInclude Include="ConfigUtils.h">
      <Filter>Header Files\Config</Filter>
    </ClInclude>
    <ClInclude Include="TelemetryLevel.h">
      <Filter>Header Files\API</Filter>
    </ClInclude>
    <ClInclude Include="Tpm.h">
      <Filter>Header Files\API</Filter>
    </ClInclude>
    <ClInclude Include="ShutdownMgmt.h">
      <Filter>Header Files\API</Filter>
    </ClInclude>
    <ClInclude Include="UwpAppMgmt.h">
      <Filter>Header Files\API</Filter>
    </ClInclude>
  </ItemGroup>
  <ItemGroup>
    <ClCompile Include="stdafx.cpp">
      <Filter>Source Files</Filter>
    </ClCompile>
    <ClCompile Include="DMBridge.cpp">
      <Filter>Source Files</Filter>
    </ClCompile>
    <ClCompile Include="DMBridgeService.cpp">
      <Filter>Source Files</Filter>
    </ClCompile>
    <ClCompile Include="DMBridgeServer.cpp">
      <Filter>Source Files</Filter>
    </ClCompile>
    <ClCompile Include="ComputerName.cpp">
      <Filter>Source Files\API</Filter>
    </ClCompile>
    <ClCompile Include="NTService.cpp">
      <Filter>Source Files\API</Filter>
    </ClCompile>
    <ClCompile Include="DMBridgeConfig.cpp">
      <Filter>Source Files\Config</Filter>
    </ClCompile>
    <ClCompile Include="NTServiceConfig.cpp">
      <Filter>Source Files\Config\API</Filter>
    </ClCompile>
    <ClCompile Include="ConfigUtils.cpp">
      <Filter>Source Files\Config</Filter>
    </ClCompile>
    <ClCompile Include="TelemetryLevel.cpp">
      <Filter>Source Files\API</Filter>
    </ClCompile>
    <ClCompile Include="..\DMBridgeInterface\DMBridgeInterface_$(Platform)_s.c">
      <Filter>Source Files</Filter>
    </ClCompile>
    <ClCompile Include="Tpm.cpp">
      <Filter>Source Files\API</Filter>
    </ClCompile>
    <ClCompile Include="ShutdownMgmt.cpp">
      <Filter>Source Files\API</Filter>
    </ClCompile>
    <ClCompile Include="UwpAppMgmt.cpp">
      <Filter>Source Files\API</Filter>
    </ClCompile>
  </ItemGroup>
</Project>