
Microsoft Visual Studio Solution File, Format Version 12.00
# Visual Studio 15
VisualStudioVersion = 15.0.27703.2026
MinimumVisualStudioVersion = 10.0.40219.1
Project("{8BC9CEB8-8B4A-11D0-8D11-00A0C91BC942}") = "DMBridge", "DMBridge\DMBridge.vcxproj", "{3FCA32AD-5775-4EEE-8F6C-2A51B952DF7B}"
EndProject
Project("{8BC9CEB8-8B4A-11D0-8D11-00A0C91BC942}") = "DMBridgeRpcInterface", "DMBridgeInterface\DMBridgeInterface.vcxproj", "{CFDB51AB-81D3-4D4A-A542-56ABB2D2BE0B}"
EndProject
Project("{2150E333-8FDC-42A3-9474-1A3956D46DE8}") = "src", "src", "{D24B3E56-5C0D-434B-BF23-B2D7990A86A4}"
EndProject
Project("{2150E333-8FDC-42A3-9474-1A3956D46DE8}") = "samples", "samples", "{972D0C9E-2991-4702-B431-6E0975AA677D}"
EndProject
Project("{FAE04EC0-301F-11D3-BF4B-00C04F79EFBC}") = "e2e.csharp.demo", "..\samples\e2e.csharp.demo\e2e.csharp.demo.csproj", "{099EF42C-C435-4C4B-B955-44B9C13DF856}"
EndProject
Project("{2150E333-8FDC-42A3-9474-1A3956D46DE8}") = "docs", "docs", "{A28C50AC-5CCB-49A9-8D1B-C27DEB368998}"
	ProjectSection(SolutionItems) = preProject
		..\docs\dm-extending.md = ..\docs\dm-extending.md
	EndProjectSection
EndProject
Project("{8BC9CEB8-8B4A-11D0-8D11-00A0C91BC942}") = "DMBridgeComponent", "DMBridgeComponent\DMBridgeComponent.vcxproj", "{F2446ADD-3823-49F7-82A9-ECE03711E0F5}"
	ProjectSection(ProjectDependencies) = postProject
		{CFDB51AB-81D3-4D4A-A542-56ABB2D2BE0B} = {CFDB51AB-81D3-4D4A-A542-56ABB2D2BE0B}
		{3FCA32AD-5775-4EEE-8F6C-2A51B952DF7B} = {3FCA32AD-5775-4EEE-8F6C-2A51B952DF7B}
	EndProjectSection
EndProject
Project("{2150E333-8FDC-42A3-9474-1A3956D46DE8}") = "tests", "tests", "{AF5E0F41-A825-41A1-A5D2-DA9CC882C73E}"
EndProject
Project("{FAE04EC0-301F-11D3-BF4B-00C04F79EFBC}") = "DMBridgeComponent.NoCapability.IntegrationTests", "tests\DMBridgeComponent.NoCapability.IntegrationTests\DMBridgeComponent.NoCapability.IntegrationTests.csproj", "{F322B143-0E29-4E71-A93E-83FE6D641365}"
EndProject
Project("{FAE04EC0-301F-11D3-BF4B-00C04F79EFBC}") = "DMBridgeComponent.IntegrationTests", "tests\DMBridgeComponent.IntegrationTests\DMBridgeComponent.IntegrationTests.csproj", "{D8B0509E-4F65-4C2D-86C0-745A0321795A}"
EndProject
Project("{8BC9CEB8-8B4A-11D0-8D11-00A0C91BC942}") = "DMBridge.UnitTests", "tests\DMBridge.UnitTests\DMBridge.UnitTests.vcxproj", "{978AB546-879F-48A7-8E73-36F568335163}"
EndProject
Project("{8BC9CEB8-8B4A-11D0-8D11-00A0C91BC942}") = "SharedUtilities", "SharedUtilities\SharedUtilities.vcxitems", "{8E0B9A74-6AFF-418E-A8F9-D457DA731D1F}"
EndProject
Global
	GlobalSection(SharedMSBuildProjectFiles) = preSolution
		SharedUtilities\SharedUtilities.vcxitems*{3fca32ad-5775-4eee-8f6c-2a51b952df7b}*SharedItemsImports = 4
		SharedUtilities\SharedUtilities.vcxitems*{8e0b9a74-6aff-418e-a8f9-d457da731d1f}*SharedItemsImports = 9
		SharedUtilities\SharedUtilities.vcxitems*{978ab546-879f-48a7-8e73-36f568335163}*SharedItemsImports = 4
	EndGlobalSection
	GlobalSection(SolutionConfigurationPlatforms) = preSolution
		Debug|ARM = Debug|ARM
		Debug|x64 = Debug|x64
		Debug|x86 = Debug|x86
		Release|ARM = Release|ARM
		Release|x64 = Release|x64
		Release|x86 = Release|x86
	EndGlobalSection
	GlobalSection(ProjectConfigurationPlatforms) = postSolution
		{3FCA32AD-5775-4EEE-8F6C-2A51B952DF7B}.Debug|ARM.ActiveCfg = Debug|ARM
		{3FCA32AD-5775-4EEE-8F6C-2A51B952DF7B}.Debug|ARM.Build.0 = Debug|ARM
		{3FCA32AD-5775-4EEE-8F6C-2A51B952DF7B}.Debug|x64.ActiveCfg = Debug|x64
		{3FCA32AD-5775-4EEE-8F6C-2A51B952DF7B}.Debug|x64.Build.0 = Debug|x64
		{3FCA32AD-5775-4EEE-8F6C-2A51B952DF7B}.Debug|x86.ActiveCfg = Debug|Win32
		{3FCA32AD-5775-4EEE-8F6C-2A51B952DF7B}.Debug|x86.Build.0 = Debug|Win32
		{3FCA32AD-5775-4EEE-8F6C-2A51B952DF7B}.Release|ARM.ActiveCfg = Release|ARM
		{3FCA32AD-5775-4EEE-8F6C-2A51B952DF7B}.Release|x64.ActiveCfg = Release|x64
		{3FCA32AD-5775-4EEE-8F6C-2A51B952DF7B}.Release|x64.Build.0 = Release|x64
		{3FCA32AD-5775-4EEE-8F6C-2A51B952DF7B}.Release|x86.ActiveCfg = Release|Win32
		{3FCA32AD-5775-4EEE-8F6C-2A51B952DF7B}.Release|x86.Build.0 = Release|Win32
		{CFDB51AB-81D3-4D4A-A542-56ABB2D2BE0B}.Debug|ARM.ActiveCfg = Debug|ARM
		{CFDB51AB-81D3-4D4A-A542-56ABB2D2BE0B}.Debug|ARM.Build.0 = Debug|ARM
		{CFDB51AB-81D3-4D4A-A542-56ABB2D2BE0B}.Debug|x64.ActiveCfg = Debug|x64
		{CFDB51AB-81D3-4D4A-A542-56ABB2D2BE0B}.Debug|x64.Build.0 = Debug|x64
		{CFDB51AB-81D3-4D4A-A542-56ABB2D2BE0B}.Debug|x86.ActiveCfg = Debug|Win32
		{CFDB51AB-81D3-4D4A-A542-56ABB2D2BE0B}.Debug|x86.Build.0 = Debug|Win32
		{CFDB51AB-81D3-4D4A-A542-56ABB2D2BE0B}.Release|ARM.ActiveCfg = Release|ARM
		{CFDB51AB-81D3-4D4A-A542-56ABB2D2BE0B}.Release|x64.ActiveCfg = Release|x64
		{CFDB51AB-81D3-4D4A-A542-56ABB2D2BE0B}.Release|x64.Build.0 = Release|x64
		{CFDB51AB-81D3-4D4A-A542-56ABB2D2BE0B}.Release|x86.ActiveCfg = Release|Win32
		{CFDB51AB-81D3-4D4A-A542-56ABB2D2BE0B}.Release|x86.Build.0 = Release|Win32
		{099EF42C-C435-4C4B-B955-44B9C13DF856}.Debug|ARM.ActiveCfg = Debug|ARM
		{099EF42C-C435-4C4B-B955-44B9C13DF856}.Debug|ARM.Build.0 = Debug|ARM
		{099EF42C-C435-4C4B-B955-44B9C13DF856}.Debug|ARM.Deploy.0 = Debug|ARM
		{099EF42C-C435-4C4B-B955-44B9C13DF856}.Debug|x64.ActiveCfg = Debug|x64
		{099EF42C-C435-4C4B-B955-44B9C13DF856}.Debug|x64.Build.0 = Debug|x64
		{099EF42C-C435-4C4B-B955-44B9C13DF856}.Debug|x64.Deploy.0 = Debug|x64
		{099EF42C-C435-4C4B-B955-44B9C13DF856}.Debug|x86.ActiveCfg = Debug|x86
		{099EF42C-C435-4C4B-B955-44B9C13DF856}.Debug|x86.Build.0 = Debug|x86
		{099EF42C-C435-4C4B-B955-44B9C13DF856}.Debug|x86.Deploy.0 = Debug|x86
		{099EF42C-C435-4C4B-B955-44B9C13DF856}.Release|ARM.ActiveCfg = Release|ARM
		{099EF42C-C435-4C4B-B955-44B9C13DF856}.Release|ARM.Build.0 = Release|ARM
		{099EF42C-C435-4C4B-B955-44B9C13DF856}.Release|ARM.Deploy.0 = Release|ARM
		{099EF42C-C435-4C4B-B955-44B9C13DF856}.Release|x64.ActiveCfg = Release|x64
		{099EF42C-C435-4C4B-B955-44B9C13DF856}.Release|x64.Build.0 = Release|x64
		{099EF42C-C435-4C4B-B955-44B9C13DF856}.Release|x64.Deploy.0 = Release|x64
		{099EF42C-C435-4C4B-B955-44B9C13DF856}.Release|x86.ActiveCfg = Release|x86
		{099EF42C-C435-4C4B-B955-44B9C13DF856}.Release|x86.Build.0 = Release|x86
		{099EF42C-C435-4C4B-B955-44B9C13DF856}.Release|x86.Deploy.0 = Release|x86
		{F2446ADD-3823-49F7-82A9-ECE03711E0F5}.Debug|ARM.ActiveCfg = Debug|ARM
		{F2446ADD-3823-49F7-82A9-ECE03711E0F5}.Debug|ARM.Build.0 = Debug|ARM
		{F2446ADD-3823-49F7-82A9-ECE03711E0F5}.Debug|x64.ActiveCfg = Debug|x64
		{F2446ADD-3823-49F7-82A9-ECE03711E0F5}.Debug|x64.Build.0 = Debug|x64
		{F2446ADD-3823-49F7-82A9-ECE03711E0F5}.Debug|x86.ActiveCfg = Debug|Win32
		{F2446ADD-3823-49F7-82A9-ECE03711E0F5}.Debug|x86.Build.0 = Debug|Win32
		{F2446ADD-3823-49F7-82A9-ECE03711E0F5}.Release|ARM.ActiveCfg = Release|ARM
		{F2446ADD-3823-49F7-82A9-ECE03711E0F5}.Release|ARM.Build.0 = Release|ARM
		{F2446ADD-3823-49F7-82A9-ECE03711E0F5}.Release|x64.ActiveCfg = Release|x64
		{F2446ADD-3823-49F7-82A9-ECE03711E0F5}.Release|x64.Build.0 = Release|x64
		{F2446ADD-3823-49F7-82A9-ECE03711E0F5}.Release|x86.ActiveCfg = Release|Win32
		{F2446ADD-3823-49F7-82A9-ECE03711E0F5}.Release|x86.Build.0 = Release|Win32
		{F322B143-0E29-4E71-A93E-83FE6D641365}.Debug|ARM.ActiveCfg = Debug|ARM
		{F322B143-0E29-4E71-A93E-83FE6D641365}.Debug|ARM.Build.0 = Debug|ARM
		{F322B143-0E29-4E71-A93E-83FE6D641365}.Debug|ARM.Deploy.0 = Debug|ARM
		{F322B143-0E29-4E71-A93E-83FE6D641365}.Debug|x64.ActiveCfg = Debug|x64
		{F322B143-0E29-4E71-A93E-83FE6D641365}.Debug|x64.Build.0 = Debug|x64
		{F322B143-0E29-4E71-A93E-83FE6D641365}.Debug|x64.Deploy.0 = Debug|x64
		{F322B143-0E29-4E71-A93E-83FE6D641365}.Debug|x86.ActiveCfg = Debug|x86
		{F322B143-0E29-4E71-A93E-83FE6D641365}.Debug|x86.Build.0 = Debug|x86
		{F322B143-0E29-4E71-A93E-83FE6D641365}.Debug|x86.Deploy.0 = Debug|x86
		{F322B143-0E29-4E71-A93E-83FE6D641365}.Release|ARM.ActiveCfg = Release|ARM
		{F322B143-0E29-4E71-A93E-83FE6D641365}.Release|ARM.Build.0 = Release|ARM
		{F322B143-0E29-4E71-A93E-83FE6D641365}.Release|ARM.Deploy.0 = Release|ARM
		{F322B143-0E29-4E71-A93E-83FE6D641365}.Release|x64.ActiveCfg = Release|x64
		{F322B143-0E29-4E71-A93E-83FE6D641365}.Release|x64.Build.0 = Release|x64
		{F322B143-0E29-4E71-A93E-83FE6D641365}.Release|x64.Deploy.0 = Release|x64
		{F322B143-0E29-4E71-A93E-83FE6D641365}.Release|x86.ActiveCfg = Release|x86
		{F322B143-0E29-4E71-A93E-83FE6D641365}.Release|x86.Build.0 = Release|x86
		{F322B143-0E29-4E71-A93E-83FE6D641365}.Release|x86.Deploy.0 = Release|x86
		{D8B0509E-4F65-4C2D-86C0-745A0321795A}.Debug|ARM.ActiveCfg = Debug|ARM
		{D8B0509E-4F65-4C2D-86C0-745A0321795A}.Debug|ARM.Build.0 = Debug|ARM
		{D8B0509E-4F65-4C2D-86C0-745A0321795A}.Debug|ARM.Deploy.0 = Debug|ARM
		{D8B0509E-4F65-4C2D-86C0-745A0321795A}.Debug|x64.ActiveCfg = Debug|x64
		{D8B0509E-4F65-4C2D-86C0-745A0321795A}.Debug|x64.Build.0 = Debug|x64
		{D8B0509E-4F65-4C2D-86C0-745A0321795A}.Debug|x64.Deploy.0 = Debug|x64
		{D8B0509E-4F65-4C2D-86C0-745A0321795A}.Debug|x86.ActiveCfg = Debug|x86
		{D8B0509E-4F65-4C2D-86C0-745A0321795A}.Debug|x86.Build.0 = Debug|x86
		{D8B0509E-4F65-4C2D-86C0-745A0321795A}.Debug|x86.Deploy.0 = Debug|x86
		{D8B0509E-4F65-4C2D-86C0-745A0321795A}.Release|ARM.ActiveCfg = Release|ARM
		{D8B0509E-4F65-4C2D-86C0-745A0321795A}.Release|ARM.Build.0 = Release|ARM
		{D8B0509E-4F65-4C2D-86C0-745A0321795A}.Release|ARM.Deploy.0 = Release|ARM
		{D8B0509E-4F65-4C2D-86C0-745A0321795A}.Release|x64.ActiveCfg = Release|x64
		{D8B0509E-4F65-4C2D-86C0-745A0321795A}.Release|x64.Build.0 = Release|x64
		{D8B0509E-4F65-4C2D-86C0-745A0321795A}.Release|x64.Deploy.0 = Release|x64
		{D8B0509E-4F65-4C2D-86C0-745A0321795A}.Release|x86.ActiveCfg = Release|x86
		{D8B0509E-4F65-4C2D-86C0-745A0321795A}.Release|x86.Build.0 = Release|x86
		{D8B0509E-4F65-4C2D-86C0-745A0321795A}.Release|x86.Deploy.0 = Release|x86
		{978AB546-879F-48A7-8E73-36F568335163}.Debug|ARM.ActiveCfg = Debug|ARM
		{978AB546-879F-48A7-8E73-36F568335163}.Debug|ARM.Build.0 = Debug|ARM
		{978AB546-879F-48A7-8E73-36F568335163}.Debug|ARM.Deploy.0 = Debug|ARM
		{978AB546-879F-48A7-8E73-36F568335163}.Debug|x64.ActiveCfg = Debug|x64
		{978AB546-879F-48A7-8E73-36F568335163}.Debug|x64.Build.0 = Debug|x64
		{978AB546-879F-48A7-8E73-36F568335163}.Debug|x86.ActiveCfg = Debug|Win32
		{978AB546-879F-48A7-8E73-36F568335163}.Debug|x86.Build.0 = Debug|Win32
		{978AB546-879F-48A7-8E73-36F568335163}.Release|ARM.ActiveCfg = Release|ARM
		{978AB546-879F-48A7-8E73-36F568335163}.Release|x64.ActiveCfg = Release|x64
		{978AB546-879F-48A7-8E73-36F568335163}.Release|x64.Build.0 = Release|x64
		{978AB546-879F-48A7-8E73-36F568335163}.Release|x86.ActiveCfg = Release|Win32
		{978AB546-879F-48A7-8E73-36F568335163}.Release|x86.Build.0 = Release|Win32
	EndGlobalSection
	GlobalSection(SolutionProperties) = preSolution
		HideSolutionNode = FALSE
	EndGlobalSection
	GlobalSection(NestedProjects) = preSolution
		{3FCA32AD-5775-4EEE-8F6C-2A51B952DF7B} = {D24B3E56-5C0D-434B-BF23-B2D7990A86A4}
		{CFDB51AB-81D3-4D4A-A542-56ABB2D2BE0B} = {D24B3E56-5C0D-434B-BF23-B2D7990A86A4}
		{099EF42C-C435-4C4B-B955-44B9C13DF856} = {972D0C9E-2991-4702-B431-6E0975AA677D}
		{F2446ADD-3823-49F7-82A9-ECE03711E0F5} = {D24B3E56-5C0D-434B-BF23-B2D7990A86A4}
		{AF5E0F41-A825-41A1-A5D2-DA9CC882C73E} = {D24B3E56-5C0D-434B-BF23-B2D7990A86A4}
		{F322B143-0E29-4E71-A93E-83FE6D641365} = {AF5E0F41-A825-41A1-A5D2-DA9CC882C73E}
		{D8B0509E-4F65-4C2D-86C0-745A0321795A} = {AF5E0F41-A825-41A1-A5D2-DA9CC882C73E}
		{978AB546-879F-48A7-8E73-36F568335163} = {AF5E0F41-A825-41A1-A5D2-DA9CC882C73E}
		{8E0B9A74-6AFF-418E-A8F9-D457DA731D1F} = {D24B3E56-5C0D-434B-BF23-B2D7990A86A4}
	EndGlobalSection
	GlobalSection(ExtensibilityGlobals) = postSolution
		SolutionGuid = {F6A73026-008F-4938-86E6-573ADD0B7F54}
	EndGlobalSection
EndGlobal
